
Microsoft Visual Studio Solution File, Format Version 12.00
# Visual Studio 2012
Project("{FAE04EC0-301F-11D3-BF4B-00C04F79EFBC}") = "Next", "Next\Next.csproj", "{3A7FF02B-D4A0-4E02-9488-249B89DDFCBD}"
EndProject
Project("{FAE04EC0-301F-11D3-BF4B-00C04F79EFBC}") = "NextTests", "Next\NextTests\NextTests.csproj", "{B39E5774-FFAE-40CF-A466-9FE24D7578C9}"
EndProject
Global
	GlobalSection(SolutionConfigurationPlatforms) = preSolution
		Debug|Any CPU = Debug|Any CPU
		Release|Any CPU = Release|Any CPU
	EndGlobalSection
	GlobalSection(ProjectConfigurationPlatforms) = postSolution
		{3A7FF02B-D4A0-4E02-9488-249B89DDFCBD}.Debug|Any CPU.ActiveCfg = Debug|Any CPU
		{3A7FF02B-D4A0-4E02-9488-249B89DDFCBD}.Debug|Any CPU.Build.0 = Debug|Any CPU
		{3A7FF02B-D4A0-4E02-9488-249B89DDFCBD}.Release|Any CPU.ActiveCfg = Release|Any CPU
		{3A7FF02B-D4A0-4E02-9488-249B89DDFCBD}.Release|Any CPU.Build.0 = Release|Any CPU
		{B39E5774-FFAE-40CF-A466-9FE24D7578C9}.Debug|Any CPU.ActiveCfg = Debug|Any CPU
		{B39E5774-FFAE-40CF-A466-9FE24D7578C9}.Debug|Any CPU.Build.0 = Debug|Any CPU
		{B39E5774-FFAE-40CF-A466-9FE24D7578C9}.Release|Any CPU.ActiveCfg = Release|Any CPU
		{B39E5774-FFAE-40CF-A466-9FE24D7578C9}.Release|Any CPU.Build.0 = Release|Any CPU
	EndGlobalSection
	GlobalSection(SolutionProperties) = preSolution
		HideSolutionNode = FALSE
	EndGlobalSection
EndGlobal
